
Microsoft Visual Studio Solution File, Format Version 12.00
# Visual Studio Version 17
VisualStudioVersion = 17.14.36203.30
MinimumVisualStudioVersion = 10.0.40219.1
Project("{FAE04EC0-301F-11D3-BF4B-00C04F79EFBC}") = "rpg", "rpg\rpg.csproj", "{2914D9DC-871F-42F0-B823-7CAE3058DB0C}"
EndProject
Global
	GlobalSection(SolutionConfigurationPlatforms) = preSolution
		Debug|Any CPU = Debug|Any CPU
		Release|Any CPU = Release|Any CPU
	EndGlobalSection
	GlobalSection(ProjectConfigurationPlatforms) = postSolution
		{2914D9DC-871F-42F0-B823-7CAE3058DB0C}.Debug|Any CPU.ActiveCfg = Debug|Any CPU
		{2914D9DC-871F-42F0-B823-7CAE3058DB0C}.Debug|Any CPU.Build.0 = Debug|Any CPU
		{2914D9DC-871F-42F0-B823-7CAE3058DB0C}.Release|Any CPU.ActiveCfg = Release|Any CPU
		{2914D9DC-871F-42F0-B823-7CAE3058DB0C}.Release|Any CPU.Build.0 = Release|Any CPU
	EndGlobalSection
	GlobalSection(SolutionProperties) = preSolution
		HideSolutionNode = FALSE
	EndGlobalSection
	GlobalSection(ExtensibilityGlobals) = postSolution
		SolutionGuid = {E041D236-BB9E-4A74-9996-F5446CBD1FE7}
	EndGlobalSection
EndGlobal
